
Microsoft Visual Studio Solution File, Format Version 12.00
# Visual Studio Version 17
VisualStudioVersion = 17.3.32929.385
MinimumVisualStudioVersion = 10.0.40219.1
Project("{F184B08F-C81C-45F6-A57F-5ABD9991F28F}") = "Hospital Grupo 6", "Hospital Grupo 6\Hospital Grupo 6.vbproj", "{DEFCC8C3-4926-4734-B98D-8B79E650C700}"
EndProject
Global
	GlobalSection(SolutionConfigurationPlatforms) = preSolution
		Debug|Any CPU = Debug|Any CPU
		Release|Any CPU = Release|Any CPU
	EndGlobalSection
	GlobalSection(ProjectConfigurationPlatforms) = postSolution
		{DEFCC8C3-4926-4734-B98D-8B79E650C700}.Debug|Any CPU.ActiveCfg = Debug|Any CPU
		{DEFCC8C3-4926-4734-B98D-8B79E650C700}.Debug|Any CPU.Build.0 = Debug|Any CPU
		{DEFCC8C3-4926-4734-B98D-8B79E650C700}.Release|Any CPU.ActiveCfg = Release|Any CPU
		{DEFCC8C3-4926-4734-B98D-8B79E650C700}.Release|Any CPU.Build.0 = Release|Any CPU
	EndGlobalSection
	GlobalSection(SolutionProperties) = preSolution
		HideSolutionNode = FALSE
	EndGlobalSection
	GlobalSection(ExtensibilityGlobals) = postSolution
		SolutionGuid = {F881F635-57EC-4725-8887-7E0DD5C563DA}
	EndGlobalSection
EndGlobal
